// !$*UTF8*$!
{
	archiveVersion = 1;
	classes = {
	};
	objectVersion = 46;
	objects = {

/* Begin PBXBuildFile section */
		9CD5B6961B35805700795922 /* AppDelegate.swift in Sources */ = {isa = PBXBuildFile; fileRef = 9CD5B6951B35805700795922 /* AppDelegate.swift */; };
		9CD5B6991B35805700795922 /* CoreLocationVideo.xcdatamodeld in Sources */ = {isa = PBXBuildFile; fileRef = 9CD5B6971B35805700795922 /* CoreLocationVideo.xcdatamodeld */; };
		9CD5B69B1B35805700795922 /* ViewController.swift in Sources */ = {isa = PBXBuildFile; fileRef = 9CD5B69A1B35805700795922 /* ViewController.swift */; };
		9CD5B69E1B35805700795922 /* Main.storyboard in Resources */ = {isa = PBXBuildFile; fileRef = 9CD5B69C1B35805700795922 /* Main.storyboard */; };
		9CD5B6A01B35805700795922 /* Images.xcassets in Resources */ = {isa = PBXBuildFile; fileRef = 9CD5B69F1B35805700795922 /* Images.xcassets */; };
		9CD5B6A31B35805700795922 /* LaunchScreen.xib in Resources */ = {isa = PBXBuildFile; fileRef = 9CD5B6A11B35805700795922 /* LaunchScreen.xib */; };
		9CD5B6AF1B35805700795922 /* CoreLocationVideoTests.swift in Sources */ = {isa = PBXBuildFile; fileRef = 9CD5B6AE1B35805700795922 /* CoreLocationVideoTests.swift */; };
		9CD5B6B91B35806B00795922 /* CoreLocation.framework in Frameworks */ = {isa = PBXBuildFile; fileRef = 9CD5B6B81B35806B00795922 /* CoreLocation.framework */; };
		9CD5B6BB1B35807500795922 /* MapKit.framework in Frameworks */ = {isa = PBXBuildFile; fileRef = 9CD5B6BA1B35807500795922 /* MapKit.framework */; };
		A91956A51C1F4E6B000AE44A /* MainVC.swift in Sources */ = {isa = PBXBuildFile; fileRef = A91956A41C1F4E6B000AE44A /* MainVC.swift */; };
		A91E5C181C33238E00C1C494 /* ReportsPopOverVC.swift in Sources */ = {isa = PBXBuildFile; fileRef = A91E5C171C33238E00C1C494 /* ReportsPopOverVC.swift */; };
		A91E5C1A1C33241E00C1C494 /* TrackPopOverVC.swift in Sources */ = {isa = PBXBuildFile; fileRef = A91E5C191C33241E00C1C494 /* TrackPopOverVC.swift */; };
		A91E5C1C1C33243000C1C494 /* SettingsPopOverVC.swift in Sources */ = {isa = PBXBuildFile; fileRef = A91E5C1B1C33243000C1C494 /* SettingsPopOverVC.swift */; };
		A91E5C1E1C33243F00C1C494 /* AlertsPopOverVC.swift in Sources */ = {isa = PBXBuildFile; fileRef = A91E5C1D1C33243F00C1C494 /* AlertsPopOverVC.swift */; };
		A9448EA41C2453B90052D1DE /* AssetsLibrary.framework in Frameworks */ = {isa = PBXBuildFile; fileRef = A9448EA31C2453B90052D1DE /* AssetsLibrary.framework */; };
		A9ABED9D1C20976E0057DA17 /* AddDescription.swift in Sources */ = {isa = PBXBuildFile; fileRef = A9ABED9C1C20976E0057DA17 /* AddDescription.swift */; };
		A9FC3B2D1C21C1260039AC28 /* CameraVC.swift in Sources */ = {isa = PBXBuildFile; fileRef = A9FC3B2C1C21C1260039AC28 /* CameraVC.swift */; };
		A9FC3B2F1C21E3810039AC28 /* EmailVC.swift in Sources */ = {isa = PBXBuildFile; fileRef = A9FC3B2E1C21E3810039AC28 /* EmailVC.swift */; };
/* End PBXBuildFile section */

/* Begin PBXContainerItemProxy section */
		9CD5B6A91B35805700795922 /* PBXContainerItemProxy */ = {
			isa = PBXContainerItemProxy;
			containerPortal = 9CD5B6881B35805700795922 /* Project object */;
			proxyType = 1;
			remoteGlobalIDString = 9CD5B68F1B35805700795922;
			remoteInfo = CoreLocationVideo;
		};
/* End PBXContainerItemProxy section */

/* Begin PBXFileReference section */
		9CD5B6901B35805700795922 /* CoreLocationVideo.app */ = {isa = PBXFileReference; explicitFileType = wrapper.application; includeInIndex = 0; path = CoreLocationVideo.app; sourceTree = BUILT_PRODUCTS_DIR; };
		9CD5B6941B35805700795922 /* Info.plist */ = {isa = PBXFileReference; lastKnownFileType = text.plist.xml; path = Info.plist; sourceTree = "<group>"; };
		9CD5B6951B35805700795922 /* AppDelegate.swift */ = {isa = PBXFileReference; lastKnownFileType = sourcecode.swift; path = AppDelegate.swift; sourceTree = "<group>"; };
		9CD5B6981B35805700795922 /* CoreLocationVideo.xcdatamodel */ = {isa = PBXFileReference; lastKnownFileType = wrapper.xcdatamodel; path = CoreLocationVideo.xcdatamodel; sourceTree = "<group>"; };
		9CD5B69A1B35805700795922 /* ViewController.swift */ = {isa = PBXFileReference; lastKnownFileType = sourcecode.swift; path = ViewController.swift; sourceTree = "<group>"; };
		9CD5B69D1B35805700795922 /* Base */ = {isa = PBXFileReference; lastKnownFileType = file.storyboard; name = Base; path = Base.lproj/Main.storyboard; sourceTree = "<group>"; };
		9CD5B69F1B35805700795922 /* Images.xcassets */ = {isa = PBXFileReference; lastKnownFileType = folder.assetcatalog; path = Images.xcassets; sourceTree = "<group>"; };
		9CD5B6A21B35805700795922 /* Base */ = {isa = PBXFileReference; lastKnownFileType = file.xib; name = Base; path = Base.lproj/LaunchScreen.xib; sourceTree = "<group>"; };
		9CD5B6A81B35805700795922 /* CoreLocationVideoTests.xctest */ = {isa = PBXFileReference; explicitFileType = wrapper.cfbundle; includeInIndex = 0; path = CoreLocationVideoTests.xctest; sourceTree = BUILT_PRODUCTS_DIR; };
		9CD5B6AD1B35805700795922 /* Info.plist */ = {isa = PBXFileReference; lastKnownFileType = text.plist.xml; path = Info.plist; sourceTree = "<group>"; };
		9CD5B6AE1B35805700795922 /* CoreLocationVideoTests.swift */ = {isa = PBXFileReference; lastKnownFileType = sourcecode.swift; path = CoreLocationVideoTests.swift; sourceTree = "<group>"; };
		9CD5B6B81B35806B00795922 /* CoreLocation.framework */ = {isa = PBXFileReference; lastKnownFileType = wrapper.framework; name = CoreLocation.framework; path = System/Library/Frameworks/CoreLocation.framework; sourceTree = SDKROOT; };
		9CD5B6BA1B35807500795922 /* MapKit.framework */ = {isa = PBXFileReference; lastKnownFileType = wrapper.framework; name = MapKit.framework; path = System/Library/Frameworks/MapKit.framework; sourceTree = SDKROOT; };
		A91956A41C1F4E6B000AE44A /* MainVC.swift */ = {isa = PBXFileReference; fileEncoding = 4; lastKnownFileType = sourcecode.swift; path = MainVC.swift; sourceTree = "<group>"; };
		A91E5C171C33238E00C1C494 /* ReportsPopOverVC.swift */ = {isa = PBXFileReference; fileEncoding = 4; lastKnownFileType = sourcecode.swift; name = ReportsPopOverVC.swift; path = ../ReportsPopOverVC.swift; sourceTree = "<group>"; };
		A91E5C191C33241E00C1C494 /* TrackPopOverVC.swift */ = {isa = PBXFileReference; fileEncoding = 4; lastKnownFileType = sourcecode.swift; name = TrackPopOverVC.swift; path = ../TrackPopOverVC.swift; sourceTree = "<group>"; };
		A91E5C1B1C33243000C1C494 /* SettingsPopOverVC.swift */ = {isa = PBXFileReference; fileEncoding = 4; lastKnownFileType = sourcecode.swift; name = SettingsPopOverVC.swift; path = ../SettingsPopOverVC.swift; sourceTree = "<group>"; };
		A91E5C1D1C33243F00C1C494 /* AlertsPopOverVC.swift */ = {isa = PBXFileReference; fileEncoding = 4; lastKnownFileType = sourcecode.swift; name = AlertsPopOverVC.swift; path = ../AlertsPopOverVC.swift; sourceTree = "<group>"; };
		A9448EA31C2453B90052D1DE /* AssetsLibrary.framework */ = {isa = PBXFileReference; lastKnownFileType = wrapper.framework; name = AssetsLibrary.framework; path = System/Library/Frameworks/AssetsLibrary.framework; sourceTree = SDKROOT; };
		A9ABED9C1C20976E0057DA17 /* AddDescription.swift */ = {isa = PBXFileReference; fileEncoding = 4; lastKnownFileType = sourcecode.swift; path = AddDescription.swift; sourceTree = "<group>"; };
		A9FC3B2C1C21C1260039AC28 /* CameraVC.swift */ = {isa = PBXFileReference; fileEncoding = 4; lastKnownFileType = sourcecode.swift; path = CameraVC.swift; sourceTree = "<group>"; };
		A9FC3B2E1C21E3810039AC28 /* EmailVC.swift */ = {isa = PBXFileReference; fileEncoding = 4; lastKnownFileType = sourcecode.swift; path = EmailVC.swift; sourceTree = "<group>"; };
/* End PBXFileReference section */

/* Begin PBXFrameworksBuildPhase section */
		9CD5B68D1B35805700795922 /* Frameworks */ = {
			isa = PBXFrameworksBuildPhase;
			buildActionMask = 2147483647;
			files = (
				A9448EA41C2453B90052D1DE /* AssetsLibrary.framework in Frameworks */,
				9CD5B6BB1B35807500795922 /* MapKit.framework in Frameworks */,
				9CD5B6B91B35806B00795922 /* CoreLocation.framework in Frameworks */,
			);
			runOnlyForDeploymentPostprocessing = 0;
		};
		9CD5B6A51B35805700795922 /* Frameworks */ = {
			isa = PBXFrameworksBuildPhase;
			buildActionMask = 2147483647;
			files = (
			);
			runOnlyForDeploymentPostprocessing = 0;
		};
/* End PBXFrameworksBuildPhase section */

/* Begin PBXGroup section */
		9CD5B6871B35805700795922 = {
			isa = PBXGroup;
			children = (
				A9448EA31C2453B90052D1DE /* AssetsLibrary.framework */,
				9CD5B6BA1B35807500795922 /* MapKit.framework */,
				9CD5B6B81B35806B00795922 /* CoreLocation.framework */,
				9CD5B6921B35805700795922 /* CoreLocationVideo */,
				9CD5B6AB1B35805700795922 /* CoreLocationVideoTests */,
				9CD5B6911B35805700795922 /* Products */,
			);
			sourceTree = "<group>";
		};
		9CD5B6911B35805700795922 /* Products */ = {
			isa = PBXGroup;
			children = (
				9CD5B6901B35805700795922 /* CoreLocationVideo.app */,
				9CD5B6A81B35805700795922 /* CoreLocationVideoTests.xctest */,
			);
			name = Products;
			sourceTree = "<group>";
		};
		9CD5B6921B35805700795922 /* CoreLocationVideo */ = {
			isa = PBXGroup;
			children = (
				9CD5B6951B35805700795922 /* AppDelegate.swift */,
				A91956A41C1F4E6B000AE44A /* MainVC.swift */,
				A91E5C171C33238E00C1C494 /* ReportsPopOverVC.swift */,
				A91E5C191C33241E00C1C494 /* TrackPopOverVC.swift */,
				A91E5C1B1C33243000C1C494 /* SettingsPopOverVC.swift */,
				A91E5C1D1C33243F00C1C494 /* AlertsPopOverVC.swift */,
				A9ABED9C1C20976E0057DA17 /* AddDescription.swift */,
				9CD5B69A1B35805700795922 /* ViewController.swift */,
				A9FC3B2C1C21C1260039AC28 /* CameraVC.swift */,
				A9FC3B2E1C21E3810039AC28 /* EmailVC.swift */,
				9CD5B69C1B35805700795922 /* Main.storyboard */,
				9CD5B69F1B35805700795922 /* Images.xcassets */,
				9CD5B6A11B35805700795922 /* LaunchScreen.xib */,
				9CD5B6971B35805700795922 /* CoreLocationVideo.xcdatamodeld */,
				9CD5B6931B35805700795922 /* Supporting Files */,
			);
			path = CoreLocationVideo;
			sourceTree = "<group>";
		};
		9CD5B6931B35805700795922 /* Supporting Files */ = {
			isa = PBXGroup;
			children = (
				9CD5B6941B35805700795922 /* Info.plist */,
			);
			name = "Supporting Files";
			sourceTree = "<group>";
		};
		9CD5B6AB1B35805700795922 /* CoreLocationVideoTests */ = {
			isa = PBXGroup;
			children = (
				9CD5B6AE1B35805700795922 /* CoreLocationVideoTests.swift */,
				9CD5B6AC1B35805700795922 /* Supporting Files */,
			);
			path = CoreLocationVideoTests;
			sourceTree = "<group>";
		};
		9CD5B6AC1B35805700795922 /* Supporting Files */ = {
			isa = PBXGroup;
			children = (
				9CD5B6AD1B35805700795922 /* Info.plist */,
			);
			name = "Supporting Files";
			sourceTree = "<group>";
		};
/* End PBXGroup section */

/* Begin PBXNativeTarget section */
		9CD5B68F1B35805700795922 /* CoreLocationVideo */ = {
			isa = PBXNativeTarget;
			buildConfigurationList = 9CD5B6B21B35805700795922 /* Build configuration list for PBXNativeTarget "CoreLocationVideo" */;
			buildPhases = (
				9CD5B68C1B35805700795922 /* Sources */,
				9CD5B68D1B35805700795922 /* Frameworks */,
				9CD5B68E1B35805700795922 /* Resources */,
			);
			buildRules = (
			);
			dependencies = (
			);
			name = CoreLocationVideo;
			productName = CoreLocationVideo;
			productReference = 9CD5B6901B35805700795922 /* CoreLocationVideo.app */;
			productType = "com.apple.product-type.application";
		};
		9CD5B6A71B35805700795922 /* CoreLocationVideoTests */ = {
			isa = PBXNativeTarget;
			buildConfigurationList = 9CD5B6B51B35805700795922 /* Build configuration list for PBXNativeTarget "CoreLocationVideoTests" */;
			buildPhases = (
				9CD5B6A41B35805700795922 /* Sources */,
				9CD5B6A51B35805700795922 /* Frameworks */,
				9CD5B6A61B35805700795922 /* Resources */,
			);
			buildRules = (
			);
			dependencies = (
				9CD5B6AA1B35805700795922 /* PBXTargetDependency */,
			);
			name = CoreLocationVideoTests;
			productName = CoreLocationVideoTests;
			productReference = 9CD5B6A81B35805700795922 /* CoreLocationVideoTests.xctest */;
			productType = "com.apple.product-type.bundle.unit-test";
		};
/* End PBXNativeTarget section */

/* Begin PBXProject section */
		9CD5B6881B35805700795922 /* Project object */ = {
			isa = PBXProject;
			attributes = {
				LastSwiftMigration = 0720;
				LastSwiftUpdateCheck = 0720;
				LastUpgradeCheck = 0720;
				ORGANIZATIONNAME = "ali farhat";
				TargetAttributes = {
					9CD5B68F1B35805700795922 = {
						CreatedOnToolsVersion = 6.3.2;
						DevelopmentTeam = WGASY2QPN9;
						SystemCapabilities = {
							com.apple.Push = {
								enabled = 0;
							};
						};
					};
					9CD5B6A71B35805700795922 = {
						CreatedOnToolsVersion = 6.3.2;
						TestTargetID = 9CD5B68F1B35805700795922;
					};
				};
			};
			buildConfigurationList = 9CD5B68B1B35805700795922 /* Build configuration list for PBXProject "CoreLocationVideo" */;
			compatibilityVersion = "Xcode 3.2";
			developmentRegion = English;
			hasScannedForEncodings = 0;
			knownRegions = (
				en,
				Base,
			);
			mainGroup = 9CD5B6871B35805700795922;
			productRefGroup = 9CD5B6911B35805700795922 /* Products */;
			projectDirPath = "";
			projectRoot = "";
			targets = (
				9CD5B68F1B35805700795922 /* CoreLocationVideo */,
				9CD5B6A71B35805700795922 /* CoreLocationVideoTests */,
			);
		};
/* End PBXProject section */

/* Begin PBXResourcesBuildPhase section */
		9CD5B68E1B35805700795922 /* Resources */ = {
			isa = PBXResourcesBuildPhase;
			buildActionMask = 2147483647;
			files = (
				9CD5B69E1B35805700795922 /* Main.storyboard in Resources */,
				9CD5B6A31B35805700795922 /* LaunchScreen.xib in Resources */,
				9CD5B6A01B35805700795922 /* Images.xcassets in Resources */,
			);
			runOnlyForDeploymentPostprocessing = 0;
		};
		9CD5B6A61B35805700795922 /* Resources */ = {
			isa = PBXResourcesBuildPhase;
			buildActionMask = 2147483647;
			files = (
			);
			runOnlyForDeploymentPostprocessing = 0;
		};
/* End PBXResourcesBuildPhase section */

/* Begin PBXSourcesBuildPhase section */
		9CD5B68C1B35805700795922 /* Sources */ = {
			isa = PBXSourcesBuildPhase;
			buildActionMask = 2147483647;
			files = (
				A91E5C1E1C33243F00C1C494 /* AlertsPopOverVC.swift in Sources */,
				A9ABED9D1C20976E0057DA17 /* AddDescription.swift in Sources */,
				A9FC3B2F1C21E3810039AC28 /* EmailVC.swift in Sources */,
				A9FC3B2D1C21C1260039AC28 /* CameraVC.swift in Sources */,
				A91E5C1C1C33243000C1C494 /* SettingsPopOverVC.swift in Sources */,
				A91956A51C1F4E6B000AE44A /* MainVC.swift in Sources */,
				A91E5C181C33238E00C1C494 /* ReportsPopOverVC.swift in Sources */,
				9CD5B69B1B35805700795922 /* ViewController.swift in Sources */,
				A91E5C1A1C33241E00C1C494 /* TrackPopOverVC.swift in Sources */,
				9CD5B6961B35805700795922 /* AppDelegate.swift in Sources */,
				9CD5B6991B35805700795922 /* CoreLocationVideo.xcdatamodeld in Sources */,
			);
			runOnlyForDeploymentPostprocessing = 0;
		};
		9CD5B6A41B35805700795922 /* Sources */ = {
			isa = PBXSourcesBuildPhase;
			buildActionMask = 2147483647;
			files = (
				9CD5B6AF1B35805700795922 /* CoreLocationVideoTests.swift in Sources */,
			);
			runOnlyForDeploymentPostprocessing = 0;
		};
/* End PBXSourcesBuildPhase section */

/* Begin PBXTargetDependency section */
		9CD5B6AA1B35805700795922 /* PBXTargetDependency */ = {
			isa = PBXTargetDependency;
			target = 9CD5B68F1B35805700795922 /* CoreLocationVideo */;
			targetProxy = 9CD5B6A91B35805700795922 /* PBXContainerItemProxy */;
		};
/* End PBXTargetDependency section */

/* Begin PBXVariantGroup section */
		9CD5B69C1B35805700795922 /* Main.storyboard */ = {
			isa = PBXVariantGroup;
			children = (
				9CD5B69D1B35805700795922 /* Base */,
			);
			name = Main.storyboard;
			sourceTree = "<group>";
		};
		9CD5B6A11B35805700795922 /* LaunchScreen.xib */ = {
			isa = PBXVariantGroup;
			children = (
				9CD5B6A21B35805700795922 /* Base */,
			);
			name = LaunchScreen.xib;
			sourceTree = "<group>";
		};
/* End PBXVariantGroup section */

/* Begin XCBuildConfiguration section */
		9CD5B6B01B35805700795922 /* Debug */ = {
			isa = XCBuildConfiguration;
			buildSettings = {
				ALWAYS_SEARCH_USER_PATHS = NO;
				CLANG_CXX_LANGUAGE_STANDARD = "gnu++0x";
				CLANG_CXX_LIBRARY = "libc++";
				CLANG_ENABLE_MODULES = YES;
				CLANG_ENABLE_OBJC_ARC = YES;
				CLANG_WARN_BOOL_CONVERSION = YES;
				CLANG_WARN_CONSTANT_CONVERSION = YES;
				CLANG_WARN_DIRECT_OBJC_ISA_USAGE = YES_ERROR;
				CLANG_WARN_EMPTY_BODY = YES;
				CLANG_WARN_ENUM_CONVERSION = YES;
				CLANG_WARN_INT_CONVERSION = YES;
				CLANG_WARN_OBJC_ROOT_CLASS = YES_ERROR;
				CLANG_WARN_UNREACHABLE_CODE = YES;
				CLANG_WARN__DUPLICATE_METHOD_MATCH = YES;
				"CODE_SIGN_IDENTITY[sdk=iphoneos*]" = "iPhone Developer";
				COPY_PHASE_STRIP = NO;
				DEBUG_INFORMATION_FORMAT = "dwarf-with-dsym";
				ENABLE_STRICT_OBJC_MSGSEND = YES;
				ENABLE_TESTABILITY = YES;
				GCC_C_LANGUAGE_STANDARD = gnu99;
				GCC_DYNAMIC_NO_PIC = NO;
				GCC_NO_COMMON_BLOCKS = YES;
				GCC_OPTIMIZATION_LEVEL = 0;
				GCC_PREPROCESSOR_DEFINITIONS = (
					"DEBUG=1",
					"$(inherited)",
				);
				GCC_SYMBOLS_PRIVATE_EXTERN = NO;
				GCC_WARN_64_TO_32_BIT_CONVERSION = YES;
				GCC_WARN_ABOUT_RETURN_TYPE = YES_ERROR;
				GCC_WARN_UNDECLARED_SELECTOR = YES;
				GCC_WARN_UNINITIALIZED_AUTOS = YES_AGGRESSIVE;
				GCC_WARN_UNUSED_FUNCTION = YES;
				GCC_WARN_UNUSED_VARIABLE = YES;
				IPHONEOS_DEPLOYMENT_TARGET = 8.3;
				MTL_ENABLE_DEBUG_INFO = YES;
				ONLY_ACTIVE_ARCH = YES;
				SDKROOT = iphoneos;
				SWIFT_OPTIMIZATION_LEVEL = "-Onone";
			};
			name = Debug;
		};
		9CD5B6B11B35805700795922 /* Release */ = {
			isa = XCBuildConfiguration;
			buildSettings = {
				ALWAYS_SEARCH_USER_PATHS = NO;
				CLANG_CXX_LANGUAGE_STANDARD = "gnu++0x";
				CLANG_CXX_LIBRARY = "libc++";
				CLANG_ENABLE_MODULES = YES;
				CLANG_ENABLE_OBJC_ARC = YES;
				CLANG_WARN_BOOL_CONVERSION = YES;
				CLANG_WARN_CONSTANT_CONVERSION = YES;
				CLANG_WARN_DIRECT_OBJC_ISA_USAGE = YES_ERROR;
				CLANG_WARN_EMPTY_BODY = YES;
				CLANG_WARN_ENUM_CONVERSION = YES;
				CLANG_WARN_INT_CONVERSION = YES;
				CLANG_WARN_OBJC_ROOT_CLASS = YES_ERROR;
				CLANG_WARN_UNREACHABLE_CODE = YES;
				CLANG_WARN__DUPLICATE_METHOD_MATCH = YES;
				"CODE_SIGN_IDENTITY[sdk=iphoneos*]" = "iPhone Developer";
				COPY_PHASE_STRIP = NO;
				DEBUG_INFORMATION_FORMAT = "dwarf-with-dsym";
				ENABLE_NS_ASSERTIONS = NO;
				ENABLE_STRICT_OBJC_MSGSEND = YES;
				GCC_C_LANGUAGE_STANDARD = gnu99;
				GCC_NO_COMMON_BLOCKS = YES;
				GCC_WARN_64_TO_32_BIT_CONVERSION = YES;
				GCC_WARN_ABOUT_RETURN_TYPE = YES_ERROR;
				GCC_WARN_UNDECLARED_SELECTOR = YES;
				GCC_WARN_UNINITIALIZED_AUTOS = YES_AGGRESSIVE;
				GCC_WARN_UNUSED_FUNCTION = YES;
				GCC_WARN_UNUSED_VARIABLE = YES;
				IPHONEOS_DEPLOYMENT_TARGET = 8.3;
				MTL_ENABLE_DEBUG_INFO = NO;
				SDKROOT = iphoneos;
				VALIDATE_PRODUCT = YES;
			};
			name = Release;
		};
		9CD5B6B31B35805700795922 /* Debug */ = {
			isa = XCBuildConfiguration;
			buildSettings = {
				ASSETCATALOG_COMPILER_APPICON_NAME = AppIcon;
				INFOPLIST_FILE = CoreLocationVideo/Info.plist;
				LD_RUNPATH_SEARCH_PATHS = "$(inherited) @executable_path/Frameworks";
				PRODUCT_BUNDLE_IDENTIFIER = "ali-farhat.$(PRODUCT_NAME:rfc1034identifier)";
				PRODUCT_NAME = "$(TARGET_NAME)";
			};
			name = Debug;
		};
		9CD5B6B41B35805700795922 /* Release */ = {
			isa = XCBuildConfiguration;
			buildSettings = {
				ASSETCATALOG_COMPILER_APPICON_NAME = AppIcon;
				INFOPLIST_FILE = CoreLocationVideo/Info.plist;
				LD_RUNPATH_SEARCH_PATHS = "$(inherited) @executable_path/Frameworks";
				PRODUCT_BUNDLE_IDENTIFIER = "ali-farhat.$(PRODUCT_NAME:rfc1034identifier)";
				PRODUCT_NAME = "$(TARGET_NAME)";
			};
			name = Release;
		};
		9CD5B6B61B35805700795922 /* Debug */ = {
			isa = XCBuildConfiguration;
			buildSettings = {
				BUNDLE_LOADER = "$(TEST_HOST)";
				FRAMEWORK_SEARCH_PATHS = (
					"$(SDKROOT)/Developer/Library/Frameworks",
					"$(inherited)",
				);
				GCC_PREPROCESSOR_DEFINITIONS = (
					"DEBUG=1",
					"$(inherited)",
				);
				INFOPLIST_FILE = CoreLocationVideoTests/Info.plist;
				LD_RUNPATH_SEARCH_PATHS = "$(inherited) @executable_path/Frameworks @loader_path/Frameworks";
				PRODUCT_BUNDLE_IDENTIFIER = "ali-farhat.$(PRODUCT_NAME:rfc1034identifier)";
				PRODUCT_NAME = "$(TARGET_NAME)";
				TEST_HOST = "$(BUILT_PRODUCTS_DIR)/CoreLocationVideo.app/CoreLocationVideo";
			};
			name = Debug;
		};
		9CD5B6B71B35805700795922 /* Release */ = {
			isa = XCBuildConfiguration;
			buildSettings = {
				BUNDLE_LOADER = "$(TEST_HOST)";
				FRAMEWORK_SEARCH_PATHS = (
					"$(SDKROOT)/Developer/Library/Frameworks",
					"$(inherited)",
				);
				INFOPLIST_FILE = CoreLocationVideoTests/Info.plist;
				LD_RUNPATH_SEARCH_PATHS = "$(inherited) @executable_path/Frameworks @loader_path/Frameworks";
				PRODUCT_BUNDLE_IDENTIFIER = "ali-farhat.$(PRODUCT_NAME:rfc1034identifier)";
				PRODUCT_NAME = "$(TARGET_NAME)";
				TEST_HOST = "$(BUILT_PRODUCTS_DIR)/CoreLocationVideo.app/CoreLocationVideo";
			};
			name = Release;
		};
/* End XCBuildConfiguration section */

/* Begin XCConfigurationList section */
		9CD5B68B1B35805700795922 /* Build configuration list for PBXProject "CoreLocationVideo" */ = {
			isa = XCConfigurationList;
			buildConfigurations = (
				9CD5B6B01B35805700795922 /* Debug */,
				9CD5B6B11B35805700795922 /* Release */,
			);
			defaultConfigurationIsVisible = 0;
			defaultConfigurationName = Release;
		};
		9CD5B6B21B35805700795922 /* Build configuration list for PBXNativeTarget "CoreLocationVideo" */ = {
			isa = XCConfigurationList;
			buildConfigurations = (
				9CD5B6B31B35805700795922 /* Debug */,
				9CD5B6B41B35805700795922 /* Release */,
			);
			defaultConfigurationIsVisible = 0;
			defaultConfigurationName = Release;
		};
		9CD5B6B51B35805700795922 /* Build configuration list for PBXNativeTarget "CoreLocationVideoTests" */ = {
			isa = XCConfigurationList;
			buildConfigurations = (
				9CD5B6B61B35805700795922 /* Debug */,
				9CD5B6B71B35805700795922 /* Release */,
			);
			defaultConfigurationIsVisible = 0;
			defaultConfigurationName = Release;
		};
/* End XCConfigurationList section */

/* Begin XCVersionGroup section */
		9CD5B6971B35805700795922 /* CoreLocationVideo.xcdatamodeld */ = {
			isa = XCVersionGroup;
			children = (
				9CD5B6981B35805700795922 /* CoreLocationVideo.xcdatamodel */,
			);
			currentVersion = 9CD5B6981B35805700795922 /* CoreLocationVideo.xcdatamodel */;
			path = CoreLocationVideo.xcdatamodeld;
			sourceTree = "<group>";
			versionGroupType = wrapper.xcdatamodel;
		};
/* End XCVersionGroup section */
	};
	rootObject = 9CD5B6881B35805700795922 /* Project object */;
}
